
Microsoft Visual Studio Solution File, Format Version 12.00
# Visual Studio 15
VisualStudioVersion = 15.0.27130.2027
MinimumVisualStudioVersion = 10.0.40219.1
Project("{9A19103F-16F7-4668-BE54-9A1E7A4F7556}") = "DataStructs", "DataStructs.csproj", "{3967919E-CAFB-4068-AF3C-DD96974F35DB}"
EndProject
Project("{9A19103F-16F7-4668-BE54-9A1E7A4F7556}") = "Pruebas.DataStruct", "..\Pruebas.DataStruct\Pruebas.DataStruct.csproj", "{833341A5-17CC-49AF-A31C-AC389749C3B0}"
EndProject
Global
	GlobalSection(SolutionConfigurationPlatforms) = preSolution
		Debug|Any CPU = Debug|Any CPU
		Release|Any CPU = Release|Any CPU
	EndGlobalSection
	GlobalSection(ProjectConfigurationPlatforms) = postSolution
		{3967919E-CAFB-4068-AF3C-DD96974F35DB}.Debug|Any CPU.ActiveCfg = Debug|Any CPU
		{3967919E-CAFB-4068-AF3C-DD96974F35DB}.Debug|Any CPU.Build.0 = Debug|Any CPU
		{3967919E-CAFB-4068-AF3C-DD96974F35DB}.Release|Any CPU.ActiveCfg = Release|Any CPU
		{3967919E-CAFB-4068-AF3C-DD96974F35DB}.Release|Any CPU.Build.0 = Release|Any CPU
		{833341A5-17CC-49AF-A31C-AC389749C3B0}.Debug|Any CPU.ActiveCfg = Debug|Any CPU
		{833341A5-17CC-49AF-A31C-AC389749C3B0}.Debug|Any CPU.Build.0 = Debug|Any CPU
		{833341A5-17CC-49AF-A31C-AC389749C3B0}.Release|Any CPU.ActiveCfg = Release|Any CPU
		{833341A5-17CC-49AF-A31C-AC389749C3B0}.Release|Any CPU.Build.0 = Release|Any CPU
	EndGlobalSection
	GlobalSection(SolutionProperties) = preSolution
		HideSolutionNode = FALSE
	EndGlobalSection
	GlobalSection(ExtensibilityGlobals) = postSolution
		SolutionGuid = {4B0CFACA-12F2-48B1-9E7C-0DB814BCEB01}
	EndGlobalSection
EndGlobal
